{
  "name": "dev",
  "lockfileVersion": 2,
  "requires": true,
  "packages": {
    "": {
      "dependencies": {
        "exe-generate-typesafe-ast": "^0.1.4",
        "lib-pareto-exe": "^0.2.1",
        "lib-pareto-filesystem": "^0.1.4",
        "pareto-core-exe": "^0.4.0",
        "res-pareto-filesystem": "^0.22.0"
      }
    },
    "node_modules/api-pareto-filesystem": {
      "version": "0.1.1",
      "resolved": "https://registry.npmjs.org/api-pareto-filesystem/-/api-pareto-filesystem-0.1.1.tgz",
      "integrity": "sha512-mwC+51gfdbdfojTpuxb1WQe7Z8ylZZcToevfEO06GJsfehb85/yJ1G+N4tlRgIV5IJ/Q7KKke1NwuWndFFOtBQ==",
      "dependencies": {
        "pareto-core-types": "^0.2.0"
      }
    },
    "node_modules/api-pareto-handledfilesystem": {
      "version": "0.2.1",
      "resolved": "https://registry.npmjs.org/api-pareto-handledfilesystem/-/api-pareto-handledfilesystem-0.2.1.tgz",
      "integrity": "sha512-QuGt6FiEeOsBF7kjMjTUJw8xORB1Erou7q+MzujDtuA3eNVNecJ/WC9QEuHOyVR5AHhCDeNnXsj8OSSiJXPAMw==",
      "dependencies": {
        "pareto-core-types": "^0.2.0"
      }
    },
    "node_modules/exe-generate-typesafe-ast": {
      "version": "0.1.4",
      "resolved": "https://registry.npmjs.org/exe-generate-typesafe-ast/-/exe-generate-typesafe-ast-0.1.4.tgz",
      "integrity": "sha512-BwKdxDy/9bMFIrLMfNMwRMb+GdI893G2Psk1jkih+Y46mVbR7pDaa9zoHOvDPKPUucheS7ZEU1zRfqsrvgyB6Q==",
      "dependencies": {
        "lib-fountain-pen": "^0.4.2",
        "pareto-core-lib": "^0.6.0",
        "pareto-core-raw": "^0.2.0",
        "pareto-core-state": "^0.6.0",
        "pareto-core-tostring": "^0.2.0"
      }
    },
    "node_modules/lib-fountain-pen": {
      "version": "0.4.2",
      "resolved": "https://registry.npmjs.org/lib-fountain-pen/-/lib-fountain-pen-0.4.2.tgz",
      "integrity": "sha512-/RVGR7OOmtqjCRH6SGGPJPNV1pa+P+NutV18Pqz3x35XjhhpM/3Qc0ozOvA6+rsGG6xJMb9f49f8wnabxLBHUA==",
      "dependencies": {
        "pareto-core-lib": "^0.6.0"
      }
    },
    "node_modules/lib-pareto-exe": {
      "version": "0.2.1",
      "resolved": "https://registry.npmjs.org/lib-pareto-exe/-/lib-pareto-exe-0.2.1.tgz",
      "integrity": "sha512-a0icNE+K9Qnaow88ClNDT3i/mttz06zcIbaQgyLIMYg/gY9bQbGuMdyO7aJBRheken5bUmTmQTHecYUlRO+wCQ==",
      "dependencies": {
        "pareto-core-lib": "^0.6.0",
        "pareto-core-state": "^0.6.0"
      }
    },
    "node_modules/lib-pareto-filesystem": {
      "version": "0.1.4",
      "resolved": "https://registry.npmjs.org/lib-pareto-filesystem/-/lib-pareto-filesystem-0.1.4.tgz",
      "integrity": "sha512-K30N0QfQRsx2DuKu6hLQI9c7HY6QCXDH9Ii9S5DxGHpnAYlltgrE9WuqBoaPWBjO+iapEAStrZzminXDZYCkNg==",
      "dependencies": {
        "api-pareto-filesystem": "^0.1.1",
        "api-pareto-handledfilesystem": "^0.2.1",
        "pareto-core-async": "^0.3.0",
        "pareto-core-lib": "^0.6.0"
      }
    },
    "node_modules/pareto-core-async": {
      "version": "0.3.0",
      "resolved": "https://registry.npmjs.org/pareto-core-async/-/pareto-core-async-0.3.0.tgz",
      "integrity": "sha512-kWcWlEbwwq8DJl3TaQGrLWRKfJj6fy0yl1cR+dU9yZC2MIqbl73J1LqZjG698OCxe8mHuop7vDwBeVnUtAsI1w==",
      "dependencies": {
        "pareto-core-internals": "^0.1.0"
      }
    },
    "node_modules/pareto-core-async/node_modules/pareto-core-internals": {
      "version": "0.1.0",
      "resolved": "https://registry.npmjs.org/pareto-core-internals/-/pareto-core-internals-0.1.0.tgz",
      "integrity": "sha512-FG4tY7yxtzHer0Y0RlHT20UpdGWabH2zhEF3J80SolAOgHaiVtxHi7rLyDVu4883rd0CyAGEjF7yv5VSDfl12A==",
      "dependencies": {
        "pareto-core-types": "^0.2.0"
      }
    },
    "node_modules/pareto-core-exe": {
      "version": "0.4.0",
      "resolved": "https://registry.npmjs.org/pareto-core-exe/-/pareto-core-exe-0.4.0.tgz",
      "integrity": "sha512-pRk+2tbK3Lw3vQGushyDSjN2Aht1ODlQGlrzBfgL3SCwUnOwmEP0HWRPb9bTBNDwX2i9/4wmsMzCs7DR3JXdZQ==",
      "dependencies": {
        "pareto-core-types": "^0.2.0"
      }
    },
    "node_modules/pareto-core-internals": {
      "version": "0.2.0",
      "resolved": "https://registry.npmjs.org/pareto-core-internals/-/pareto-core-internals-0.2.0.tgz",
      "integrity": "sha512-pMiM+P1IZGSL5ZguzVZVK6UB6s0aL3AEcBc4mxb6gOGEROMi/TcgNiMHwpIzbQ9KbNVjqXRlal9NUVJHkQPrQw==",
      "dependencies": {
        "pareto-core-types": "^0.2.0"
      }
    },
    "node_modules/pareto-core-lib": {
      "version": "0.6.0",
      "resolved": "https://registry.npmjs.org/pareto-core-lib/-/pareto-core-lib-0.6.0.tgz",
      "integrity": "sha512-JsJh4bg87XLTBQEYIDP7M34OeT7on8/tdk39EQ49cJETbAvz8ze3UawX3P0B98zPaElaeA6n3ESaY+Q5H5oxGQ==",
      "dependencies": {
        "pareto-core-internals": "^0.2.0",
        "pareto-internals": "^0.1.0"
      }
    },
    "node_modules/pareto-core-raw": {
      "version": "0.2.0",
      "resolved": "https://registry.npmjs.org/pareto-core-raw/-/pareto-core-raw-0.2.0.tgz",
      "integrity": "sha512-wRqlCN2rRxYx9WRv2jMFX85iJj1A5Nr/7cs9cdlId0TBC9ZlFzKoJzki7cI/ov/flowjTKOWZ2Q2jcHqVeqYUw==",
      "dependencies": {
        "pareto-core-internals": "^0.1.0",
        "pareto-core-types": "^0.2.0"
      }
    },
    "node_modules/pareto-core-raw/node_modules/pareto-core-internals": {
      "version": "0.1.0",
      "resolved": "https://registry.npmjs.org/pareto-core-internals/-/pareto-core-internals-0.1.0.tgz",
      "integrity": "sha512-FG4tY7yxtzHer0Y0RlHT20UpdGWabH2zhEF3J80SolAOgHaiVtxHi7rLyDVu4883rd0CyAGEjF7yv5VSDfl12A==",
      "dependencies": {
        "pareto-core-types": "^0.2.0"
      }
    },
    "node_modules/pareto-core-state": {
      "version": "0.6.0",
      "resolved": "https://registry.npmjs.org/pareto-core-state/-/pareto-core-state-0.6.0.tgz",
      "integrity": "sha512-NuH3k8GCB3oB2beHvPu0fvRNyMMGoOys3mgC+jNC2LUYbop7UIHiJMfeVCDKL4shrYClTEei7b5GuWLOajAtmg==",
      "dependencies": {
        "pareto-core-internals": "^0.2.0"
      }
    },
    "node_modules/pareto-core-tostring": {
      "version": "0.2.0",
      "resolved": "https://registry.npmjs.org/pareto-core-tostring/-/pareto-core-tostring-0.2.0.tgz",
      "integrity": "sha512-PNd1bfqVc+iJ7rm/chlBEjmdvHfBA1KApMohevPqchEPQErLlpRZ0qjjmPvmtX2ujBs/MxJMeq7Md6I0dXODLg==",
      "dependencies": {
        "pareto-core-types": "^0.2.0"
      }
    },
    "node_modules/pareto-core-types": {
      "version": "0.2.0",
      "resolved": "https://registry.npmjs.org/pareto-core-types/-/pareto-core-types-0.2.0.tgz",
      "integrity": "sha512-XopY0slTv5wAObZu0nOSsz6O86K/peQhVu+bqIBMJRKiewjawmIOqa9e8JHlFyXdMHxa0Ek4zDThWQVkiBCsKQ=="
    },
    "node_modules/pareto-internals": {
      "version": "0.1.0",
      "resolved": "https://registry.npmjs.org/pareto-internals/-/pareto-internals-0.1.0.tgz",
      "integrity": "sha512-913Djt5kX4DK2JFTnVzg13ys3grhDP4AB7WbkGK54mILRsYKzRayA3mMSeAZ6zVdewB4ghbQT/TY44Mo3erAJg==",
      "dependencies": {
        "pareto-core-types": "^0.2.0"
      }
    },
    "node_modules/res-pareto-filesystem": {
      "version": "0.22.0",
      "resolved": "https://registry.npmjs.org/res-pareto-filesystem/-/res-pareto-filesystem-0.22.0.tgz",
      "integrity": "sha512-fBetCGWK957LqyDWvtqnIF8omUtkOuchvqqDMIWxVUKNNs2FSH6nVUkr8fdkkEBISR8KqZcj/lJ5PeWG3qJ/HA==",
      "dependencies": {
        "api-pareto-filesystem": "^0.1.1",
        "pareto-core-internals": "^0.2.0"
      }
    }
  },
  "dependencies": {
    "api-pareto-filesystem": {
      "version": "0.1.1",
      "resolved": "https://registry.npmjs.org/api-pareto-filesystem/-/api-pareto-filesystem-0.1.1.tgz",
      "integrity": "sha512-mwC+51gfdbdfojTpuxb1WQe7Z8ylZZcToevfEO06GJsfehb85/yJ1G+N4tlRgIV5IJ/Q7KKke1NwuWndFFOtBQ==",
      "requires": {
        "pareto-core-types": "^0.2.0"
      }
    },
    "api-pareto-handledfilesystem": {
      "version": "0.2.1",
      "resolved": "https://registry.npmjs.org/api-pareto-handledfilesystem/-/api-pareto-handledfilesystem-0.2.1.tgz",
      "integrity": "sha512-QuGt6FiEeOsBF7kjMjTUJw8xORB1Erou7q+MzujDtuA3eNVNecJ/WC9QEuHOyVR5AHhCDeNnXsj8OSSiJXPAMw==",
      "requires": {
        "pareto-core-types": "^0.2.0"
      }
    },
    "exe-generate-typesafe-ast": {
      "version": "0.1.4",
      "resolved": "https://registry.npmjs.org/exe-generate-typesafe-ast/-/exe-generate-typesafe-ast-0.1.4.tgz",
      "integrity": "sha512-BwKdxDy/9bMFIrLMfNMwRMb+GdI893G2Psk1jkih+Y46mVbR7pDaa9zoHOvDPKPUucheS7ZEU1zRfqsrvgyB6Q==",
      "requires": {
        "lib-fountain-pen": "^0.4.2",
        "pareto-core-lib": "^0.6.0",
        "pareto-core-raw": "^0.2.0",
        "pareto-core-state": "^0.6.0",
        "pareto-core-tostring": "^0.2.0"
      }
    },
    "lib-fountain-pen": {
      "version": "0.4.2",
      "resolved": "https://registry.npmjs.org/lib-fountain-pen/-/lib-fountain-pen-0.4.2.tgz",
      "integrity": "sha512-/RVGR7OOmtqjCRH6SGGPJPNV1pa+P+NutV18Pqz3x35XjhhpM/3Qc0ozOvA6+rsGG6xJMb9f49f8wnabxLBHUA==",
      "requires": {
        "pareto-core-lib": "^0.6.0"
      }
    },
    "lib-pareto-exe": {
      "version": "0.2.1",
      "resolved": "https://registry.npmjs.org/lib-pareto-exe/-/lib-pareto-exe-0.2.1.tgz",
      "integrity": "sha512-a0icNE+K9Qnaow88ClNDT3i/mttz06zcIbaQgyLIMYg/gY9bQbGuMdyO7aJBRheken5bUmTmQTHecYUlRO+wCQ==",
      "requires": {
        "pareto-core-lib": "^0.6.0",
        "pareto-core-state": "^0.6.0"
      }
    },
    "lib-pareto-filesystem": {
      "version": "0.1.4",
      "resolved": "https://registry.npmjs.org/lib-pareto-filesystem/-/lib-pareto-filesystem-0.1.4.tgz",
      "integrity": "sha512-K30N0QfQRsx2DuKu6hLQI9c7HY6QCXDH9Ii9S5DxGHpnAYlltgrE9WuqBoaPWBjO+iapEAStrZzminXDZYCkNg==",
      "requires": {
        "api-pareto-filesystem": "^0.1.1",
        "api-pareto-handledfilesystem": "^0.2.1",
        "pareto-core-async": "^0.3.0",
        "pareto-core-lib": "^0.6.0"
      }
    },
    "pareto-core-async": {
      "version": "0.3.0",
      "resolved": "https://registry.npmjs.org/pareto-core-async/-/pareto-core-async-0.3.0.tgz",
      "integrity": "sha512-kWcWlEbwwq8DJl3TaQGrLWRKfJj6fy0yl1cR+dU9yZC2MIqbl73J1LqZjG698OCxe8mHuop7vDwBeVnUtAsI1w==",
      "requires": {
        "pareto-core-internals": "^0.1.0"
      },
      "dependencies": {
        "pareto-core-internals": {
          "version": "0.1.0",
          "resolved": "https://registry.npmjs.org/pareto-core-internals/-/pareto-core-internals-0.1.0.tgz",
          "integrity": "sha512-FG4tY7yxtzHer0Y0RlHT20UpdGWabH2zhEF3J80SolAOgHaiVtxHi7rLyDVu4883rd0CyAGEjF7yv5VSDfl12A==",
          "requires": {
            "pareto-core-types": "^0.2.0"
          }
        }
      }
    },
    "pareto-core-exe": {
      "version": "0.4.0",
      "resolved": "https://registry.npmjs.org/pareto-core-exe/-/pareto-core-exe-0.4.0.tgz",
      "integrity": "sha512-pRk+2tbK3Lw3vQGushyDSjN2Aht1ODlQGlrzBfgL3SCwUnOwmEP0HWRPb9bTBNDwX2i9/4wmsMzCs7DR3JXdZQ==",
      "requires": {
        "pareto-core-types": "^0.2.0"
      }
    },
    "pareto-core-internals": {
      "version": "0.2.0",
      "resolved": "https://registry.npmjs.org/pareto-core-internals/-/pareto-core-internals-0.2.0.tgz",
      "integrity": "sha512-pMiM+P1IZGSL5ZguzVZVK6UB6s0aL3AEcBc4mxb6gOGEROMi/TcgNiMHwpIzbQ9KbNVjqXRlal9NUVJHkQPrQw==",
      "requires": {
        "pareto-core-types": "^0.2.0"
      }
    },
    "pareto-core-lib": {
      "version": "0.6.0",
      "resolved": "https://registry.npmjs.org/pareto-core-lib/-/pareto-core-lib-0.6.0.tgz",
      "integrity": "sha512-JsJh4bg87XLTBQEYIDP7M34OeT7on8/tdk39EQ49cJETbAvz8ze3UawX3P0B98zPaElaeA6n3ESaY+Q5H5oxGQ==",
      "requires": {
        "pareto-core-internals": "^0.2.0",
        "pareto-internals": "^0.1.0"
      }
    },
    "pareto-core-raw": {
      "version": "0.2.0",
      "resolved": "https://registry.npmjs.org/pareto-core-raw/-/pareto-core-raw-0.2.0.tgz",
      "integrity": "sha512-wRqlCN2rRxYx9WRv2jMFX85iJj1A5Nr/7cs9cdlId0TBC9ZlFzKoJzki7cI/ov/flowjTKOWZ2Q2jcHqVeqYUw==",
      "requires": {
        "pareto-core-internals": "^0.1.0",
        "pareto-core-types": "^0.2.0"
      },
      "dependencies": {
        "pareto-core-internals": {
          "version": "0.1.0",
          "resolved": "https://registry.npmjs.org/pareto-core-internals/-/pareto-core-internals-0.1.0.tgz",
          "integrity": "sha512-FG4tY7yxtzHer0Y0RlHT20UpdGWabH2zhEF3J80SolAOgHaiVtxHi7rLyDVu4883rd0CyAGEjF7yv5VSDfl12A==",
          "requires": {
            "pareto-core-types": "^0.2.0"
          }
        }
      }
    },
    "pareto-core-state": {
      "version": "0.6.0",
      "resolved": "https://registry.npmjs.org/pareto-core-state/-/pareto-core-state-0.6.0.tgz",
      "integrity": "sha512-NuH3k8GCB3oB2beHvPu0fvRNyMMGoOys3mgC+jNC2LUYbop7UIHiJMfeVCDKL4shrYClTEei7b5GuWLOajAtmg==",
      "requires": {
        "pareto-core-internals": "^0.2.0"
      }
    },
    "pareto-core-tostring": {
      "version": "0.2.0",
      "resolved": "https://registry.npmjs.org/pareto-core-tostring/-/pareto-core-tostring-0.2.0.tgz",
      "integrity": "sha512-PNd1bfqVc+iJ7rm/chlBEjmdvHfBA1KApMohevPqchEPQErLlpRZ0qjjmPvmtX2ujBs/MxJMeq7Md6I0dXODLg==",
      "requires": {
        "pareto-core-types": "^0.2.0"
      }
    },
    "pareto-core-types": {
      "version": "0.2.0",
      "resolved": "https://registry.npmjs.org/pareto-core-types/-/pareto-core-types-0.2.0.tgz",
      "integrity": "sha512-XopY0slTv5wAObZu0nOSsz6O86K/peQhVu+bqIBMJRKiewjawmIOqa9e8JHlFyXdMHxa0Ek4zDThWQVkiBCsKQ=="
    },
    "pareto-internals": {
      "version": "0.1.0",
      "resolved": "https://registry.npmjs.org/pareto-internals/-/pareto-internals-0.1.0.tgz",
      "integrity": "sha512-913Djt5kX4DK2JFTnVzg13ys3grhDP4AB7WbkGK54mILRsYKzRayA3mMSeAZ6zVdewB4ghbQT/TY44Mo3erAJg==",
      "requires": {
        "pareto-core-types": "^0.2.0"
      }
    },
    "res-pareto-filesystem": {
      "version": "0.22.0",
      "resolved": "https://registry.npmjs.org/res-pareto-filesystem/-/res-pareto-filesystem-0.22.0.tgz",
      "integrity": "sha512-fBetCGWK957LqyDWvtqnIF8omUtkOuchvqqDMIWxVUKNNs2FSH6nVUkr8fdkkEBISR8KqZcj/lJ5PeWG3qJ/HA==",
      "requires": {
        "api-pareto-filesystem": "^0.1.1",
        "pareto-core-internals": "^0.2.0"
      }
    }
  }
}
