{
  "name": "lib-typesafe-typescript-ast",
  "version": "0.1.1",
  "lockfileVersion": 2,
  "requires": true,
  "packages": {
    "": {
      "name": "lib-typesafe-typescript-ast",
      "version": "0.1.1",
      "license": "ISC",
      "dependencies": {
        "api-dynamic-typescript-parser": "^0.6.2",
        "api-pareto-ugly-stuff": "^0.3.1",
        "pareto-core-lib": "^0.8.0",
        "pareto-core-state": "^0.6.0"
      }
    },
    "node_modules/api-dynamic-typescript-parser": {
      "version": "0.6.2",
      "resolved": "https://registry.npmjs.org/api-dynamic-typescript-parser/-/api-dynamic-typescript-parser-0.6.2.tgz",
      "integrity": "sha512-6oskYPNstwlAUYLmsriQDqHKzbWZ1S5ljV0+FtZxDCLEJYKpIxmJFzd7aFTCB2dgiOpWeirOVa2MG02CNpv5FA==",
      "dependencies": {
        "api-untyped-ast": "^0.2.5",
        "pareto-core-types": "^0.2.0"
      }
    },
    "node_modules/api-pareto-ugly-stuff": {
      "version": "0.3.1",
      "resolved": "https://registry.npmjs.org/api-pareto-ugly-stuff/-/api-pareto-ugly-stuff-0.3.1.tgz",
      "integrity": "sha512-6rqk9UFKlY3ulnZVjtFD4ddyrIySE67WQp3GjhQp5ansiHdBYtcbqM6GGSEFbPfjSPk0vHg3Tq5WDy8VFN6Epw==",
      "dependencies": {
        "pareto-core-state": "^0.6.0",
        "pareto-core-types": "^0.2.0"
      }
    },
    "node_modules/api-untyped-ast": {
      "version": "0.2.5",
      "resolved": "https://registry.npmjs.org/api-untyped-ast/-/api-untyped-ast-0.2.5.tgz",
      "integrity": "sha512-AK41tFQ8wNU8mSGq2csM40I/HWdyw9oO8MOTpTLwqBjgIvKby5RIU0KbL0YFGAAP8yHUSrqRDfC3bf0q9dgbYA==",
      "dependencies": {
        "pareto-core-types": "^0.2.0"
      }
    },
    "node_modules/pareto-core-internals": {
      "version": "0.2.0",
      "resolved": "https://registry.npmjs.org/pareto-core-internals/-/pareto-core-internals-0.2.0.tgz",
      "integrity": "sha512-pMiM+P1IZGSL5ZguzVZVK6UB6s0aL3AEcBc4mxb6gOGEROMi/TcgNiMHwpIzbQ9KbNVjqXRlal9NUVJHkQPrQw==",
      "dependencies": {
        "pareto-core-types": "^0.2.0"
      }
    },
    "node_modules/pareto-core-lib": {
      "version": "0.8.0",
      "resolved": "https://registry.npmjs.org/pareto-core-lib/-/pareto-core-lib-0.8.0.tgz",
      "integrity": "sha512-eb98OiCuioFRQr7xX+FMhOZjPoxWMDPmZdo7OFbrETvZ1lDse1mXPQhvsAeVVwS/indvgksj1lrzfHSTNw1UqQ==",
      "dependencies": {
        "pareto-core-internals": "^0.2.0"
      }
    },
    "node_modules/pareto-core-state": {
      "version": "0.6.0",
      "resolved": "https://registry.npmjs.org/pareto-core-state/-/pareto-core-state-0.6.0.tgz",
      "integrity": "sha512-NuH3k8GCB3oB2beHvPu0fvRNyMMGoOys3mgC+jNC2LUYbop7UIHiJMfeVCDKL4shrYClTEei7b5GuWLOajAtmg==",
      "dependencies": {
        "pareto-core-internals": "^0.2.0"
      }
    },
    "node_modules/pareto-core-types": {
      "version": "0.2.0",
      "resolved": "https://registry.npmjs.org/pareto-core-types/-/pareto-core-types-0.2.0.tgz",
      "integrity": "sha512-XopY0slTv5wAObZu0nOSsz6O86K/peQhVu+bqIBMJRKiewjawmIOqa9e8JHlFyXdMHxa0Ek4zDThWQVkiBCsKQ=="
    }
  },
  "dependencies": {
    "api-dynamic-typescript-parser": {
      "version": "0.6.2",
      "resolved": "https://registry.npmjs.org/api-dynamic-typescript-parser/-/api-dynamic-typescript-parser-0.6.2.tgz",
      "integrity": "sha512-6oskYPNstwlAUYLmsriQDqHKzbWZ1S5ljV0+FtZxDCLEJYKpIxmJFzd7aFTCB2dgiOpWeirOVa2MG02CNpv5FA==",
      "requires": {
        "api-untyped-ast": "^0.2.5",
        "pareto-core-types": "^0.2.0"
      }
    },
    "api-pareto-ugly-stuff": {
      "version": "0.3.1",
      "resolved": "https://registry.npmjs.org/api-pareto-ugly-stuff/-/api-pareto-ugly-stuff-0.3.1.tgz",
      "integrity": "sha512-6rqk9UFKlY3ulnZVjtFD4ddyrIySE67WQp3GjhQp5ansiHdBYtcbqM6GGSEFbPfjSPk0vHg3Tq5WDy8VFN6Epw==",
      "requires": {
        "pareto-core-state": "^0.6.0",
        "pareto-core-types": "^0.2.0"
      }
    },
    "api-untyped-ast": {
      "version": "0.2.5",
      "resolved": "https://registry.npmjs.org/api-untyped-ast/-/api-untyped-ast-0.2.5.tgz",
      "integrity": "sha512-AK41tFQ8wNU8mSGq2csM40I/HWdyw9oO8MOTpTLwqBjgIvKby5RIU0KbL0YFGAAP8yHUSrqRDfC3bf0q9dgbYA==",
      "requires": {
        "pareto-core-types": "^0.2.0"
      }
    },
    "pareto-core-internals": {
      "version": "0.2.0",
      "resolved": "https://registry.npmjs.org/pareto-core-internals/-/pareto-core-internals-0.2.0.tgz",
      "integrity": "sha512-pMiM+P1IZGSL5ZguzVZVK6UB6s0aL3AEcBc4mxb6gOGEROMi/TcgNiMHwpIzbQ9KbNVjqXRlal9NUVJHkQPrQw==",
      "requires": {
        "pareto-core-types": "^0.2.0"
      }
    },
    "pareto-core-lib": {
      "version": "0.8.0",
      "resolved": "https://registry.npmjs.org/pareto-core-lib/-/pareto-core-lib-0.8.0.tgz",
      "integrity": "sha512-eb98OiCuioFRQr7xX+FMhOZjPoxWMDPmZdo7OFbrETvZ1lDse1mXPQhvsAeVVwS/indvgksj1lrzfHSTNw1UqQ==",
      "requires": {
        "pareto-core-internals": "^0.2.0"
      }
    },
    "pareto-core-state": {
      "version": "0.6.0",
      "resolved": "https://registry.npmjs.org/pareto-core-state/-/pareto-core-state-0.6.0.tgz",
      "integrity": "sha512-NuH3k8GCB3oB2beHvPu0fvRNyMMGoOys3mgC+jNC2LUYbop7UIHiJMfeVCDKL4shrYClTEei7b5GuWLOajAtmg==",
      "requires": {
        "pareto-core-internals": "^0.2.0"
      }
    },
    "pareto-core-types": {
      "version": "0.2.0",
      "resolved": "https://registry.npmjs.org/pareto-core-types/-/pareto-core-types-0.2.0.tgz",
      "integrity": "sha512-XopY0slTv5wAObZu0nOSsz6O86K/peQhVu+bqIBMJRKiewjawmIOqa9e8JHlFyXdMHxa0Ek4zDThWQVkiBCsKQ=="
    }
  }
}
