{
  "name": "lib-typesafe-typescript-ast",
  "version": "0.3.0",
  "lockfileVersion": 2,
  "requires": true,
  "packages": {
    "": {
      "name": "lib-typesafe-typescript-ast",
      "version": "0.3.0",
      "license": "ISC",
      "dependencies": {
        "api-dynamic-typescript-parser": "^0.6.2",
        "api-pareto-ugly-stuff": "^0.3.1",
        "pareto-core": "^0.0.4"
      }
    },
    "node_modules/api-dynamic-typescript-parser": {
      "version": "0.6.2",
      "resolved": "https://registry.npmjs.org/api-dynamic-typescript-parser/-/api-dynamic-typescript-parser-0.6.2.tgz",
      "integrity": "sha512-6oskYPNstwlAUYLmsriQDqHKzbWZ1S5ljV0+FtZxDCLEJYKpIxmJFzd7aFTCB2dgiOpWeirOVa2MG02CNpv5FA==",
      "dependencies": {
        "api-untyped-ast": "^0.2.5",
        "pareto-core-types": "^0.2.0"
      }
    },
    "node_modules/api-pareto-main": {
      "version": "0.9.0",
      "resolved": "https://registry.npmjs.org/api-pareto-main/-/api-pareto-main-0.9.0.tgz",
      "integrity": "sha512-DHzPRi4+ZPaimqMxcPXgW1Ic+oQs+bb++Vp+olN1uiZ+0iapNqmq3MI0FOCYqBD0fnhAXW6mGpW5NhiFl0N/gw==",
      "dependencies": {
        "pareto-core-types": "^0.6.0"
      }
    },
    "node_modules/api-pareto-main/node_modules/pareto-core-types": {
      "version": "0.6.0",
      "resolved": "https://registry.npmjs.org/pareto-core-types/-/pareto-core-types-0.6.0.tgz",
      "integrity": "sha512-q9M6w+M6kgJBaroffQto9oRqsBKDpYI+JbJgO+7wVUx5QPew9kEsdevkNfjPPPWhq0grRg9Nj3t2gQy6wXyL2g=="
    },
    "node_modules/api-pareto-ugly-stuff": {
      "version": "0.3.1",
      "resolved": "https://registry.npmjs.org/api-pareto-ugly-stuff/-/api-pareto-ugly-stuff-0.3.1.tgz",
      "integrity": "sha512-6rqk9UFKlY3ulnZVjtFD4ddyrIySE67WQp3GjhQp5ansiHdBYtcbqM6GGSEFbPfjSPk0vHg3Tq5WDy8VFN6Epw==",
      "dependencies": {
        "pareto-core-state": "^0.6.0",
        "pareto-core-types": "^0.2.0"
      }
    },
    "node_modules/api-untyped-ast": {
      "version": "0.2.5",
      "resolved": "https://registry.npmjs.org/api-untyped-ast/-/api-untyped-ast-0.2.5.tgz",
      "integrity": "sha512-AK41tFQ8wNU8mSGq2csM40I/HWdyw9oO8MOTpTLwqBjgIvKby5RIU0KbL0YFGAAP8yHUSrqRDfC3bf0q9dgbYA==",
      "dependencies": {
        "pareto-core-types": "^0.2.0"
      }
    },
    "node_modules/pareto-core": {
      "version": "0.0.4",
      "resolved": "https://registry.npmjs.org/pareto-core/-/pareto-core-0.0.4.tgz",
      "integrity": "sha512-LzPy2ob5UOV74+5IwfNQ9xIoe67l/8i1iYjLx/JugeemZnW141ZQqDDdxhcBE7hf402qijSbqe1AFVp709Ea4Q==",
      "dependencies": {
        "pareto-core-exe": "^0.13.0",
        "pareto-core-lib": "^0.13.0",
        "pareto-core-raw": "^0.5.1",
        "pareto-core-state": "^0.10.0"
      }
    },
    "node_modules/pareto-core-exe": {
      "version": "0.13.0",
      "resolved": "https://registry.npmjs.org/pareto-core-exe/-/pareto-core-exe-0.13.0.tgz",
      "integrity": "sha512-o9hgbsx8FFuqsgJJeOPldtx9usKTbtsURFOllRKN1MuWxieYH/jhyQ+Er/ZBOxC9pdW3k9wrM1NC11uXv83Cvg==",
      "dependencies": {
        "api-pareto-main": "^0.9.0",
        "pareto-core-internals": "^0.7.0",
        "pareto-core-types": "^0.6.0"
      }
    },
    "node_modules/pareto-core-exe/node_modules/pareto-core-internals": {
      "version": "0.7.0",
      "resolved": "https://registry.npmjs.org/pareto-core-internals/-/pareto-core-internals-0.7.0.tgz",
      "integrity": "sha512-1Mh7f9yFLSsFZKb3Rs/E9qGucUF2n1FcWPRfcRi47qI+FwhDfka0JbadlJaNnoVGOsY1bPMGxesTwReszBf9pw==",
      "dependencies": {
        "pareto-core-types": "^0.6.0"
      }
    },
    "node_modules/pareto-core-exe/node_modules/pareto-core-types": {
      "version": "0.6.0",
      "resolved": "https://registry.npmjs.org/pareto-core-types/-/pareto-core-types-0.6.0.tgz",
      "integrity": "sha512-q9M6w+M6kgJBaroffQto9oRqsBKDpYI+JbJgO+7wVUx5QPew9kEsdevkNfjPPPWhq0grRg9Nj3t2gQy6wXyL2g=="
    },
    "node_modules/pareto-core-internals": {
      "version": "0.2.0",
      "resolved": "https://registry.npmjs.org/pareto-core-internals/-/pareto-core-internals-0.2.0.tgz",
      "integrity": "sha512-pMiM+P1IZGSL5ZguzVZVK6UB6s0aL3AEcBc4mxb6gOGEROMi/TcgNiMHwpIzbQ9KbNVjqXRlal9NUVJHkQPrQw==",
      "dependencies": {
        "pareto-core-types": "^0.2.0"
      }
    },
    "node_modules/pareto-core-lib": {
      "version": "0.13.0",
      "resolved": "https://registry.npmjs.org/pareto-core-lib/-/pareto-core-lib-0.13.0.tgz",
      "integrity": "sha512-abwCBRCqX9zs/0ENJC0WJOWeRqT0MTe4zfj21xJZidMjcXT0ga/V6XYLF4m8OQgqqQfzPchI5rkyBJgzXQTxrg==",
      "dependencies": {
        "pareto-core-internals": "^0.7.0"
      }
    },
    "node_modules/pareto-core-lib/node_modules/pareto-core-internals": {
      "version": "0.7.0",
      "resolved": "https://registry.npmjs.org/pareto-core-internals/-/pareto-core-internals-0.7.0.tgz",
      "integrity": "sha512-1Mh7f9yFLSsFZKb3Rs/E9qGucUF2n1FcWPRfcRi47qI+FwhDfka0JbadlJaNnoVGOsY1bPMGxesTwReszBf9pw==",
      "dependencies": {
        "pareto-core-types": "^0.6.0"
      }
    },
    "node_modules/pareto-core-lib/node_modules/pareto-core-types": {
      "version": "0.6.0",
      "resolved": "https://registry.npmjs.org/pareto-core-types/-/pareto-core-types-0.6.0.tgz",
      "integrity": "sha512-q9M6w+M6kgJBaroffQto9oRqsBKDpYI+JbJgO+7wVUx5QPew9kEsdevkNfjPPPWhq0grRg9Nj3t2gQy6wXyL2g=="
    },
    "node_modules/pareto-core-raw": {
      "version": "0.5.1",
      "resolved": "https://registry.npmjs.org/pareto-core-raw/-/pareto-core-raw-0.5.1.tgz",
      "integrity": "sha512-ovVEfDA4C0zFtVb1HkyHABiz6AY8Zx3HfpmdxpOJF6vaoWSe++SN1XjNz1SROOLWJgUHww6Oo0q34VmnBgHEKQ==",
      "dependencies": {
        "pareto-core-internals": "^0.7.0"
      }
    },
    "node_modules/pareto-core-raw/node_modules/pareto-core-internals": {
      "version": "0.7.0",
      "resolved": "https://registry.npmjs.org/pareto-core-internals/-/pareto-core-internals-0.7.0.tgz",
      "integrity": "sha512-1Mh7f9yFLSsFZKb3Rs/E9qGucUF2n1FcWPRfcRi47qI+FwhDfka0JbadlJaNnoVGOsY1bPMGxesTwReszBf9pw==",
      "dependencies": {
        "pareto-core-types": "^0.6.0"
      }
    },
    "node_modules/pareto-core-raw/node_modules/pareto-core-types": {
      "version": "0.6.0",
      "resolved": "https://registry.npmjs.org/pareto-core-types/-/pareto-core-types-0.6.0.tgz",
      "integrity": "sha512-q9M6w+M6kgJBaroffQto9oRqsBKDpYI+JbJgO+7wVUx5QPew9kEsdevkNfjPPPWhq0grRg9Nj3t2gQy6wXyL2g=="
    },
    "node_modules/pareto-core-state": {
      "version": "0.6.0",
      "resolved": "https://registry.npmjs.org/pareto-core-state/-/pareto-core-state-0.6.0.tgz",
      "integrity": "sha512-NuH3k8GCB3oB2beHvPu0fvRNyMMGoOys3mgC+jNC2LUYbop7UIHiJMfeVCDKL4shrYClTEei7b5GuWLOajAtmg==",
      "dependencies": {
        "pareto-core-internals": "^0.2.0"
      }
    },
    "node_modules/pareto-core-types": {
      "version": "0.2.0",
      "resolved": "https://registry.npmjs.org/pareto-core-types/-/pareto-core-types-0.2.0.tgz",
      "integrity": "sha512-XopY0slTv5wAObZu0nOSsz6O86K/peQhVu+bqIBMJRKiewjawmIOqa9e8JHlFyXdMHxa0Ek4zDThWQVkiBCsKQ=="
    },
    "node_modules/pareto-core/node_modules/pareto-core-internals": {
      "version": "0.7.0",
      "resolved": "https://registry.npmjs.org/pareto-core-internals/-/pareto-core-internals-0.7.0.tgz",
      "integrity": "sha512-1Mh7f9yFLSsFZKb3Rs/E9qGucUF2n1FcWPRfcRi47qI+FwhDfka0JbadlJaNnoVGOsY1bPMGxesTwReszBf9pw==",
      "dependencies": {
        "pareto-core-types": "^0.6.0"
      }
    },
    "node_modules/pareto-core/node_modules/pareto-core-state": {
      "version": "0.10.0",
      "resolved": "https://registry.npmjs.org/pareto-core-state/-/pareto-core-state-0.10.0.tgz",
      "integrity": "sha512-3mqwo8fanO8pks7dzYbA2E2RSYA3bDBCaHHb/Dh48y5yOAtDTfWcsDi+emJDdMjaAel09o36dQ0v0Yu2D4/9KA==",
      "dependencies": {
        "pareto-core-internals": "^0.7.0"
      }
    },
    "node_modules/pareto-core/node_modules/pareto-core-types": {
      "version": "0.6.0",
      "resolved": "https://registry.npmjs.org/pareto-core-types/-/pareto-core-types-0.6.0.tgz",
      "integrity": "sha512-q9M6w+M6kgJBaroffQto9oRqsBKDpYI+JbJgO+7wVUx5QPew9kEsdevkNfjPPPWhq0grRg9Nj3t2gQy6wXyL2g=="
    }
  },
  "dependencies": {
    "api-dynamic-typescript-parser": {
      "version": "0.6.2",
      "resolved": "https://registry.npmjs.org/api-dynamic-typescript-parser/-/api-dynamic-typescript-parser-0.6.2.tgz",
      "integrity": "sha512-6oskYPNstwlAUYLmsriQDqHKzbWZ1S5ljV0+FtZxDCLEJYKpIxmJFzd7aFTCB2dgiOpWeirOVa2MG02CNpv5FA==",
      "requires": {
        "api-untyped-ast": "^0.2.5",
        "pareto-core-types": "^0.2.0"
      }
    },
    "api-pareto-main": {
      "version": "0.9.0",
      "resolved": "https://registry.npmjs.org/api-pareto-main/-/api-pareto-main-0.9.0.tgz",
      "integrity": "sha512-DHzPRi4+ZPaimqMxcPXgW1Ic+oQs+bb++Vp+olN1uiZ+0iapNqmq3MI0FOCYqBD0fnhAXW6mGpW5NhiFl0N/gw==",
      "requires": {
        "pareto-core-types": "^0.6.0"
      },
      "dependencies": {
        "pareto-core-types": {
          "version": "0.6.0",
          "resolved": "https://registry.npmjs.org/pareto-core-types/-/pareto-core-types-0.6.0.tgz",
          "integrity": "sha512-q9M6w+M6kgJBaroffQto9oRqsBKDpYI+JbJgO+7wVUx5QPew9kEsdevkNfjPPPWhq0grRg9Nj3t2gQy6wXyL2g=="
        }
      }
    },
    "api-pareto-ugly-stuff": {
      "version": "0.3.1",
      "resolved": "https://registry.npmjs.org/api-pareto-ugly-stuff/-/api-pareto-ugly-stuff-0.3.1.tgz",
      "integrity": "sha512-6rqk9UFKlY3ulnZVjtFD4ddyrIySE67WQp3GjhQp5ansiHdBYtcbqM6GGSEFbPfjSPk0vHg3Tq5WDy8VFN6Epw==",
      "requires": {
        "pareto-core-state": "^0.6.0",
        "pareto-core-types": "^0.2.0"
      }
    },
    "api-untyped-ast": {
      "version": "0.2.5",
      "resolved": "https://registry.npmjs.org/api-untyped-ast/-/api-untyped-ast-0.2.5.tgz",
      "integrity": "sha512-AK41tFQ8wNU8mSGq2csM40I/HWdyw9oO8MOTpTLwqBjgIvKby5RIU0KbL0YFGAAP8yHUSrqRDfC3bf0q9dgbYA==",
      "requires": {
        "pareto-core-types": "^0.2.0"
      }
    },
    "pareto-core": {
      "version": "0.0.4",
      "resolved": "https://registry.npmjs.org/pareto-core/-/pareto-core-0.0.4.tgz",
      "integrity": "sha512-LzPy2ob5UOV74+5IwfNQ9xIoe67l/8i1iYjLx/JugeemZnW141ZQqDDdxhcBE7hf402qijSbqe1AFVp709Ea4Q==",
      "requires": {
        "pareto-core-exe": "^0.13.0",
        "pareto-core-lib": "^0.13.0",
        "pareto-core-raw": "^0.5.1",
        "pareto-core-state": "^0.10.0"
      },
      "dependencies": {
        "pareto-core-internals": {
          "version": "0.7.0",
          "resolved": "https://registry.npmjs.org/pareto-core-internals/-/pareto-core-internals-0.7.0.tgz",
          "integrity": "sha512-1Mh7f9yFLSsFZKb3Rs/E9qGucUF2n1FcWPRfcRi47qI+FwhDfka0JbadlJaNnoVGOsY1bPMGxesTwReszBf9pw==",
          "requires": {
            "pareto-core-types": "^0.6.0"
          }
        },
        "pareto-core-state": {
          "version": "0.10.0",
          "resolved": "https://registry.npmjs.org/pareto-core-state/-/pareto-core-state-0.10.0.tgz",
          "integrity": "sha512-3mqwo8fanO8pks7dzYbA2E2RSYA3bDBCaHHb/Dh48y5yOAtDTfWcsDi+emJDdMjaAel09o36dQ0v0Yu2D4/9KA==",
          "requires": {
            "pareto-core-internals": "^0.7.0"
          }
        },
        "pareto-core-types": {
          "version": "0.6.0",
          "resolved": "https://registry.npmjs.org/pareto-core-types/-/pareto-core-types-0.6.0.tgz",
          "integrity": "sha512-q9M6w+M6kgJBaroffQto9oRqsBKDpYI+JbJgO+7wVUx5QPew9kEsdevkNfjPPPWhq0grRg9Nj3t2gQy6wXyL2g=="
        }
      }
    },
    "pareto-core-exe": {
      "version": "0.13.0",
      "resolved": "https://registry.npmjs.org/pareto-core-exe/-/pareto-core-exe-0.13.0.tgz",
      "integrity": "sha512-o9hgbsx8FFuqsgJJeOPldtx9usKTbtsURFOllRKN1MuWxieYH/jhyQ+Er/ZBOxC9pdW3k9wrM1NC11uXv83Cvg==",
      "requires": {
        "api-pareto-main": "^0.9.0",
        "pareto-core-internals": "^0.7.0",
        "pareto-core-types": "^0.6.0"
      },
      "dependencies": {
        "pareto-core-internals": {
          "version": "0.7.0",
          "resolved": "https://registry.npmjs.org/pareto-core-internals/-/pareto-core-internals-0.7.0.tgz",
          "integrity": "sha512-1Mh7f9yFLSsFZKb3Rs/E9qGucUF2n1FcWPRfcRi47qI+FwhDfka0JbadlJaNnoVGOsY1bPMGxesTwReszBf9pw==",
          "requires": {
            "pareto-core-types": "^0.6.0"
          }
        },
        "pareto-core-types": {
          "version": "0.6.0",
          "resolved": "https://registry.npmjs.org/pareto-core-types/-/pareto-core-types-0.6.0.tgz",
          "integrity": "sha512-q9M6w+M6kgJBaroffQto9oRqsBKDpYI+JbJgO+7wVUx5QPew9kEsdevkNfjPPPWhq0grRg9Nj3t2gQy6wXyL2g=="
        }
      }
    },
    "pareto-core-internals": {
      "version": "0.2.0",
      "resolved": "https://registry.npmjs.org/pareto-core-internals/-/pareto-core-internals-0.2.0.tgz",
      "integrity": "sha512-pMiM+P1IZGSL5ZguzVZVK6UB6s0aL3AEcBc4mxb6gOGEROMi/TcgNiMHwpIzbQ9KbNVjqXRlal9NUVJHkQPrQw==",
      "requires": {
        "pareto-core-types": "^0.2.0"
      }
    },
    "pareto-core-lib": {
      "version": "0.13.0",
      "resolved": "https://registry.npmjs.org/pareto-core-lib/-/pareto-core-lib-0.13.0.tgz",
      "integrity": "sha512-abwCBRCqX9zs/0ENJC0WJOWeRqT0MTe4zfj21xJZidMjcXT0ga/V6XYLF4m8OQgqqQfzPchI5rkyBJgzXQTxrg==",
      "requires": {
        "pareto-core-internals": "^0.7.0"
      },
      "dependencies": {
        "pareto-core-internals": {
          "version": "0.7.0",
          "resolved": "https://registry.npmjs.org/pareto-core-internals/-/pareto-core-internals-0.7.0.tgz",
          "integrity": "sha512-1Mh7f9yFLSsFZKb3Rs/E9qGucUF2n1FcWPRfcRi47qI+FwhDfka0JbadlJaNnoVGOsY1bPMGxesTwReszBf9pw==",
          "requires": {
            "pareto-core-types": "^0.6.0"
          }
        },
        "pareto-core-types": {
          "version": "0.6.0",
          "resolved": "https://registry.npmjs.org/pareto-core-types/-/pareto-core-types-0.6.0.tgz",
          "integrity": "sha512-q9M6w+M6kgJBaroffQto9oRqsBKDpYI+JbJgO+7wVUx5QPew9kEsdevkNfjPPPWhq0grRg9Nj3t2gQy6wXyL2g=="
        }
      }
    },
    "pareto-core-raw": {
      "version": "0.5.1",
      "resolved": "https://registry.npmjs.org/pareto-core-raw/-/pareto-core-raw-0.5.1.tgz",
      "integrity": "sha512-ovVEfDA4C0zFtVb1HkyHABiz6AY8Zx3HfpmdxpOJF6vaoWSe++SN1XjNz1SROOLWJgUHww6Oo0q34VmnBgHEKQ==",
      "requires": {
        "pareto-core-internals": "^0.7.0"
      },
      "dependencies": {
        "pareto-core-internals": {
          "version": "0.7.0",
          "resolved": "https://registry.npmjs.org/pareto-core-internals/-/pareto-core-internals-0.7.0.tgz",
          "integrity": "sha512-1Mh7f9yFLSsFZKb3Rs/E9qGucUF2n1FcWPRfcRi47qI+FwhDfka0JbadlJaNnoVGOsY1bPMGxesTwReszBf9pw==",
          "requires": {
            "pareto-core-types": "^0.6.0"
          }
        },
        "pareto-core-types": {
          "version": "0.6.0",
          "resolved": "https://registry.npmjs.org/pareto-core-types/-/pareto-core-types-0.6.0.tgz",
          "integrity": "sha512-q9M6w+M6kgJBaroffQto9oRqsBKDpYI+JbJgO+7wVUx5QPew9kEsdevkNfjPPPWhq0grRg9Nj3t2gQy6wXyL2g=="
        }
      }
    },
    "pareto-core-state": {
      "version": "0.6.0",
      "resolved": "https://registry.npmjs.org/pareto-core-state/-/pareto-core-state-0.6.0.tgz",
      "integrity": "sha512-NuH3k8GCB3oB2beHvPu0fvRNyMMGoOys3mgC+jNC2LUYbop7UIHiJMfeVCDKL4shrYClTEei7b5GuWLOajAtmg==",
      "requires": {
        "pareto-core-internals": "^0.2.0"
      }
    },
    "pareto-core-types": {
      "version": "0.2.0",
      "resolved": "https://registry.npmjs.org/pareto-core-types/-/pareto-core-types-0.2.0.tgz",
      "integrity": "sha512-XopY0slTv5wAObZu0nOSsz6O86K/peQhVu+bqIBMJRKiewjawmIOqa9e8JHlFyXdMHxa0Ek4zDThWQVkiBCsKQ=="
    }
  }
}
