{
  "name": "lib-typesafe-typescript-ast",
  "version": "0.3.0",
  "lockfileVersion": 2,
  "requires": true,
  "packages": {
    "": {
      "name": "lib-typesafe-typescript-ast",
      "version": "0.3.0",
      "license": "ISC",
      "dependencies": {
        "api-dynamic-typescript-parser": "^0.6.2",
        "api-pareto-ugly-stuff": "^0.3.1",
        "pareto-core": "^0.0.5",
        "pareto-core-lib": "^0.17.0",
        "pareto-core-raw": "^0.7.0",
        "pareto-core-state": "^0.12.0"
      }
    },
    "node_modules/api-dynamic-typescript-parser": {
      "version": "0.6.2",
      "resolved": "https://registry.npmjs.org/api-dynamic-typescript-parser/-/api-dynamic-typescript-parser-0.6.2.tgz",
      "integrity": "sha512-6oskYPNstwlAUYLmsriQDqHKzbWZ1S5ljV0+FtZxDCLEJYKpIxmJFzd7aFTCB2dgiOpWeirOVa2MG02CNpv5FA==",
      "dependencies": {
        "api-untyped-ast": "^0.2.5",
        "pareto-core-types": "^0.2.0"
      }
    },
    "node_modules/api-pareto-ugly-stuff": {
      "version": "0.3.1",
      "resolved": "https://registry.npmjs.org/api-pareto-ugly-stuff/-/api-pareto-ugly-stuff-0.3.1.tgz",
      "integrity": "sha512-6rqk9UFKlY3ulnZVjtFD4ddyrIySE67WQp3GjhQp5ansiHdBYtcbqM6GGSEFbPfjSPk0vHg3Tq5WDy8VFN6Epw==",
      "dependencies": {
        "pareto-core-state": "^0.6.0",
        "pareto-core-types": "^0.2.0"
      }
    },
    "node_modules/api-pareto-ugly-stuff/node_modules/pareto-core-internals": {
      "version": "0.2.0",
      "resolved": "https://registry.npmjs.org/pareto-core-internals/-/pareto-core-internals-0.2.0.tgz",
      "integrity": "sha512-pMiM+P1IZGSL5ZguzVZVK6UB6s0aL3AEcBc4mxb6gOGEROMi/TcgNiMHwpIzbQ9KbNVjqXRlal9NUVJHkQPrQw==",
      "dependencies": {
        "pareto-core-types": "^0.2.0"
      }
    },
    "node_modules/api-pareto-ugly-stuff/node_modules/pareto-core-state": {
      "version": "0.6.0",
      "resolved": "https://registry.npmjs.org/pareto-core-state/-/pareto-core-state-0.6.0.tgz",
      "integrity": "sha512-NuH3k8GCB3oB2beHvPu0fvRNyMMGoOys3mgC+jNC2LUYbop7UIHiJMfeVCDKL4shrYClTEei7b5GuWLOajAtmg==",
      "dependencies": {
        "pareto-core-internals": "^0.2.0"
      }
    },
    "node_modules/api-untyped-ast": {
      "version": "0.2.5",
      "resolved": "https://registry.npmjs.org/api-untyped-ast/-/api-untyped-ast-0.2.5.tgz",
      "integrity": "sha512-AK41tFQ8wNU8mSGq2csM40I/HWdyw9oO8MOTpTLwqBjgIvKby5RIU0KbL0YFGAAP8yHUSrqRDfC3bf0q9dgbYA==",
      "dependencies": {
        "pareto-core-types": "^0.2.0"
      }
    },
    "node_modules/glo-pareto-main": {
      "version": "0.1.0",
      "resolved": "https://registry.npmjs.org/glo-pareto-main/-/glo-pareto-main-0.1.0.tgz",
      "integrity": "sha512-mpUR1yeTmL7Z2QbEOL9aAPjsofsx21UlPX2t857p+ra7mWzTeSfDjYPvDZ3H6BKqQmNHbwA7U49vDDDbQ38b7A==",
      "dependencies": {
        "pareto-core-types": "^0.7.0"
      }
    },
    "node_modules/glo-pareto-main/node_modules/pareto-core-types": {
      "version": "0.7.0",
      "resolved": "https://registry.npmjs.org/pareto-core-types/-/pareto-core-types-0.7.0.tgz",
      "integrity": "sha512-Nz3hlDGyI8LrXjA50hiqslujRuS2WMYJuQeXyUgwWiw5k3xOY7vjof/9bzg4Ez7+Y5qWFgJJoi1o6Hu/ZDTF6A=="
    },
    "node_modules/pareto-core": {
      "version": "0.0.5",
      "resolved": "https://registry.npmjs.org/pareto-core/-/pareto-core-0.0.5.tgz",
      "integrity": "sha512-UoS1msF5t+BFJMivY261db1RerR+Neeu91KE5yPT0Zy6Tz3R/xMJOjXkky/q1wcbjjgjmgEmUUReu6HSFE5OMw==",
      "dependencies": {
        "pareto-core-exe": "^0.15.0",
        "pareto-core-lib": "^0.15.0",
        "pareto-core-raw": "^0.6.0",
        "pareto-core-state": "^0.11.0"
      }
    },
    "node_modules/pareto-core-exe": {
      "version": "0.15.0",
      "resolved": "https://registry.npmjs.org/pareto-core-exe/-/pareto-core-exe-0.15.0.tgz",
      "integrity": "sha512-KAQvHeRxwPx9rWVZWGCD7FResUZFqTffYvzuJNmE4YkScBvMxUM1MzWQ5AV5tlPoGgX6NtCAeNxO8zo0eTxksA==",
      "dependencies": {
        "glo-pareto-main": "^0.1.0",
        "pareto-core-internals": "^0.9.0"
      }
    },
    "node_modules/pareto-core-exe/node_modules/pareto-core-internals": {
      "version": "0.9.0",
      "resolved": "https://registry.npmjs.org/pareto-core-internals/-/pareto-core-internals-0.9.0.tgz",
      "integrity": "sha512-YCv/96U5PV4E9lp0p4NoB6JKDcZghEXU9bSsd1kDmATkIRdORamqbX4Og7+KmlCBetOkK8BlbUDwM2zzMsa+5g==",
      "dependencies": {
        "pareto-core-types": "^0.7.0"
      }
    },
    "node_modules/pareto-core-exe/node_modules/pareto-core-types": {
      "version": "0.7.0",
      "resolved": "https://registry.npmjs.org/pareto-core-types/-/pareto-core-types-0.7.0.tgz",
      "integrity": "sha512-Nz3hlDGyI8LrXjA50hiqslujRuS2WMYJuQeXyUgwWiw5k3xOY7vjof/9bzg4Ez7+Y5qWFgJJoi1o6Hu/ZDTF6A=="
    },
    "node_modules/pareto-core-internals": {
      "version": "0.11.0",
      "resolved": "https://registry.npmjs.org/pareto-core-internals/-/pareto-core-internals-0.11.0.tgz",
      "integrity": "sha512-r9npJV5EXGSteklXVa9Sr9YcTkv3PQ3bWJK0sWwtuw6rvU4DHC6xYzIU8otnI4SM0f2je72fN6fWh0LaYQNe2A==",
      "dependencies": {
        "pareto-core-types": "^0.10.0"
      }
    },
    "node_modules/pareto-core-internals/node_modules/pareto-core-types": {
      "version": "0.10.0",
      "resolved": "https://registry.npmjs.org/pareto-core-types/-/pareto-core-types-0.10.0.tgz",
      "integrity": "sha512-asVi1Eq2wbUfqyOrTFtSP7Tm1flBhfh2Evu90aTgf2xzphs9BFiYvIs9FhNWU7qcvjAup6ISMT6Gjv7mHQivLw=="
    },
    "node_modules/pareto-core-lib": {
      "version": "0.17.0",
      "resolved": "https://registry.npmjs.org/pareto-core-lib/-/pareto-core-lib-0.17.0.tgz",
      "integrity": "sha512-C+5Omz9UT8EB8f2AcVd78Kcq+b1IdymQLk9LkywFySieh38AeYtrLRod8tif4wLCeXGIj6T1Py23Pl+5lGWNFg==",
      "dependencies": {
        "pareto-core-internals": "^0.11.0"
      }
    },
    "node_modules/pareto-core-raw": {
      "version": "0.7.0",
      "resolved": "https://registry.npmjs.org/pareto-core-raw/-/pareto-core-raw-0.7.0.tgz",
      "integrity": "sha512-h+cMrKMNLg6iPB8oqc8DGJsdDSuuEEc/UxTbmehzOAUYeJp/ZftAVZn1IHItMcjRqpusfz7njKR4QvJWT91PEg==",
      "dependencies": {
        "pareto-core-internals": "^0.11.0"
      }
    },
    "node_modules/pareto-core-state": {
      "version": "0.12.0",
      "resolved": "https://registry.npmjs.org/pareto-core-state/-/pareto-core-state-0.12.0.tgz",
      "integrity": "sha512-yuDXIlvorBeZfJ4Xkob7JEXcukou5s1UrcXvsCt9N9CjalbEoOgZ5UD+3wL4nbtlIubzH+VvzlYMOoOoOOxkqw==",
      "dependencies": {
        "pareto-core-internals": "^0.11.0"
      }
    },
    "node_modules/pareto-core-types": {
      "version": "0.2.0",
      "resolved": "https://registry.npmjs.org/pareto-core-types/-/pareto-core-types-0.2.0.tgz",
      "integrity": "sha512-XopY0slTv5wAObZu0nOSsz6O86K/peQhVu+bqIBMJRKiewjawmIOqa9e8JHlFyXdMHxa0Ek4zDThWQVkiBCsKQ=="
    },
    "node_modules/pareto-core/node_modules/pareto-core-internals": {
      "version": "0.9.0",
      "resolved": "https://registry.npmjs.org/pareto-core-internals/-/pareto-core-internals-0.9.0.tgz",
      "integrity": "sha512-YCv/96U5PV4E9lp0p4NoB6JKDcZghEXU9bSsd1kDmATkIRdORamqbX4Og7+KmlCBetOkK8BlbUDwM2zzMsa+5g==",
      "dependencies": {
        "pareto-core-types": "^0.7.0"
      }
    },
    "node_modules/pareto-core/node_modules/pareto-core-lib": {
      "version": "0.15.0",
      "resolved": "https://registry.npmjs.org/pareto-core-lib/-/pareto-core-lib-0.15.0.tgz",
      "integrity": "sha512-xbTP2d4tY4Bg0xAZ8sStiutaiLs7Mqfi9dNN6i/XkOoRn/dWOSOAVk05AtJXSkyhRhIMiR8i0zVwmuf2NHs78Q==",
      "dependencies": {
        "pareto-core-internals": "^0.9.0"
      }
    },
    "node_modules/pareto-core/node_modules/pareto-core-raw": {
      "version": "0.6.0",
      "resolved": "https://registry.npmjs.org/pareto-core-raw/-/pareto-core-raw-0.6.0.tgz",
      "integrity": "sha512-ydQhg0TKfdT7v40YDPMRdM4dhLLxL9CHUYoueWY1YrRvVS2gTIeZ1HXGzkc9VJy4H7ud1Yp4q/rt+W3cu+RxpA==",
      "dependencies": {
        "pareto-core-internals": "^0.9.0"
      }
    },
    "node_modules/pareto-core/node_modules/pareto-core-state": {
      "version": "0.11.0",
      "resolved": "https://registry.npmjs.org/pareto-core-state/-/pareto-core-state-0.11.0.tgz",
      "integrity": "sha512-WbLsOAk2hfaVUToJ+Nv+2ApWZYrj9/4hScCxNdY3shxEVeIbYnJ8KlAhEggfjbX3/vMB3ruSvZIhsvBbQfPkfg==",
      "dependencies": {
        "pareto-core-internals": "^0.9.0"
      }
    },
    "node_modules/pareto-core/node_modules/pareto-core-types": {
      "version": "0.7.0",
      "resolved": "https://registry.npmjs.org/pareto-core-types/-/pareto-core-types-0.7.0.tgz",
      "integrity": "sha512-Nz3hlDGyI8LrXjA50hiqslujRuS2WMYJuQeXyUgwWiw5k3xOY7vjof/9bzg4Ez7+Y5qWFgJJoi1o6Hu/ZDTF6A=="
    }
  },
  "dependencies": {
    "api-dynamic-typescript-parser": {
      "version": "0.6.2",
      "resolved": "https://registry.npmjs.org/api-dynamic-typescript-parser/-/api-dynamic-typescript-parser-0.6.2.tgz",
      "integrity": "sha512-6oskYPNstwlAUYLmsriQDqHKzbWZ1S5ljV0+FtZxDCLEJYKpIxmJFzd7aFTCB2dgiOpWeirOVa2MG02CNpv5FA==",
      "requires": {
        "api-untyped-ast": "^0.2.5",
        "pareto-core-types": "^0.2.0"
      }
    },
    "api-pareto-ugly-stuff": {
      "version": "0.3.1",
      "resolved": "https://registry.npmjs.org/api-pareto-ugly-stuff/-/api-pareto-ugly-stuff-0.3.1.tgz",
      "integrity": "sha512-6rqk9UFKlY3ulnZVjtFD4ddyrIySE67WQp3GjhQp5ansiHdBYtcbqM6GGSEFbPfjSPk0vHg3Tq5WDy8VFN6Epw==",
      "requires": {
        "pareto-core-state": "^0.6.0",
        "pareto-core-types": "^0.2.0"
      },
      "dependencies": {
        "pareto-core-internals": {
          "version": "0.2.0",
          "resolved": "https://registry.npmjs.org/pareto-core-internals/-/pareto-core-internals-0.2.0.tgz",
          "integrity": "sha512-pMiM+P1IZGSL5ZguzVZVK6UB6s0aL3AEcBc4mxb6gOGEROMi/TcgNiMHwpIzbQ9KbNVjqXRlal9NUVJHkQPrQw==",
          "requires": {
            "pareto-core-types": "^0.2.0"
          }
        },
        "pareto-core-state": {
          "version": "0.6.0",
          "resolved": "https://registry.npmjs.org/pareto-core-state/-/pareto-core-state-0.6.0.tgz",
          "integrity": "sha512-NuH3k8GCB3oB2beHvPu0fvRNyMMGoOys3mgC+jNC2LUYbop7UIHiJMfeVCDKL4shrYClTEei7b5GuWLOajAtmg==",
          "requires": {
            "pareto-core-internals": "^0.2.0"
          }
        }
      }
    },
    "api-untyped-ast": {
      "version": "0.2.5",
      "resolved": "https://registry.npmjs.org/api-untyped-ast/-/api-untyped-ast-0.2.5.tgz",
      "integrity": "sha512-AK41tFQ8wNU8mSGq2csM40I/HWdyw9oO8MOTpTLwqBjgIvKby5RIU0KbL0YFGAAP8yHUSrqRDfC3bf0q9dgbYA==",
      "requires": {
        "pareto-core-types": "^0.2.0"
      }
    },
    "glo-pareto-main": {
      "version": "0.1.0",
      "resolved": "https://registry.npmjs.org/glo-pareto-main/-/glo-pareto-main-0.1.0.tgz",
      "integrity": "sha512-mpUR1yeTmL7Z2QbEOL9aAPjsofsx21UlPX2t857p+ra7mWzTeSfDjYPvDZ3H6BKqQmNHbwA7U49vDDDbQ38b7A==",
      "requires": {
        "pareto-core-types": "^0.7.0"
      },
      "dependencies": {
        "pareto-core-types": {
          "version": "0.7.0",
          "resolved": "https://registry.npmjs.org/pareto-core-types/-/pareto-core-types-0.7.0.tgz",
          "integrity": "sha512-Nz3hlDGyI8LrXjA50hiqslujRuS2WMYJuQeXyUgwWiw5k3xOY7vjof/9bzg4Ez7+Y5qWFgJJoi1o6Hu/ZDTF6A=="
        }
      }
    },
    "pareto-core": {
      "version": "0.0.5",
      "resolved": "https://registry.npmjs.org/pareto-core/-/pareto-core-0.0.5.tgz",
      "integrity": "sha512-UoS1msF5t+BFJMivY261db1RerR+Neeu91KE5yPT0Zy6Tz3R/xMJOjXkky/q1wcbjjgjmgEmUUReu6HSFE5OMw==",
      "requires": {
        "pareto-core-exe": "^0.15.0",
        "pareto-core-lib": "^0.15.0",
        "pareto-core-raw": "^0.6.0",
        "pareto-core-state": "^0.11.0"
      },
      "dependencies": {
        "pareto-core-internals": {
          "version": "0.9.0",
          "resolved": "https://registry.npmjs.org/pareto-core-internals/-/pareto-core-internals-0.9.0.tgz",
          "integrity": "sha512-YCv/96U5PV4E9lp0p4NoB6JKDcZghEXU9bSsd1kDmATkIRdORamqbX4Og7+KmlCBetOkK8BlbUDwM2zzMsa+5g==",
          "requires": {
            "pareto-core-types": "^0.7.0"
          }
        },
        "pareto-core-lib": {
          "version": "0.15.0",
          "resolved": "https://registry.npmjs.org/pareto-core-lib/-/pareto-core-lib-0.15.0.tgz",
          "integrity": "sha512-xbTP2d4tY4Bg0xAZ8sStiutaiLs7Mqfi9dNN6i/XkOoRn/dWOSOAVk05AtJXSkyhRhIMiR8i0zVwmuf2NHs78Q==",
          "requires": {
            "pareto-core-internals": "^0.9.0"
          }
        },
        "pareto-core-raw": {
          "version": "0.6.0",
          "resolved": "https://registry.npmjs.org/pareto-core-raw/-/pareto-core-raw-0.6.0.tgz",
          "integrity": "sha512-ydQhg0TKfdT7v40YDPMRdM4dhLLxL9CHUYoueWY1YrRvVS2gTIeZ1HXGzkc9VJy4H7ud1Yp4q/rt+W3cu+RxpA==",
          "requires": {
            "pareto-core-internals": "^0.9.0"
          }
        },
        "pareto-core-state": {
          "version": "0.11.0",
          "resolved": "https://registry.npmjs.org/pareto-core-state/-/pareto-core-state-0.11.0.tgz",
          "integrity": "sha512-WbLsOAk2hfaVUToJ+Nv+2ApWZYrj9/4hScCxNdY3shxEVeIbYnJ8KlAhEggfjbX3/vMB3ruSvZIhsvBbQfPkfg==",
          "requires": {
            "pareto-core-internals": "^0.9.0"
          }
        },
        "pareto-core-types": {
          "version": "0.7.0",
          "resolved": "https://registry.npmjs.org/pareto-core-types/-/pareto-core-types-0.7.0.tgz",
          "integrity": "sha512-Nz3hlDGyI8LrXjA50hiqslujRuS2WMYJuQeXyUgwWiw5k3xOY7vjof/9bzg4Ez7+Y5qWFgJJoi1o6Hu/ZDTF6A=="
        }
      }
    },
    "pareto-core-exe": {
      "version": "0.15.0",
      "resolved": "https://registry.npmjs.org/pareto-core-exe/-/pareto-core-exe-0.15.0.tgz",
      "integrity": "sha512-KAQvHeRxwPx9rWVZWGCD7FResUZFqTffYvzuJNmE4YkScBvMxUM1MzWQ5AV5tlPoGgX6NtCAeNxO8zo0eTxksA==",
      "requires": {
        "glo-pareto-main": "^0.1.0",
        "pareto-core-internals": "^0.9.0"
      },
      "dependencies": {
        "pareto-core-internals": {
          "version": "0.9.0",
          "resolved": "https://registry.npmjs.org/pareto-core-internals/-/pareto-core-internals-0.9.0.tgz",
          "integrity": "sha512-YCv/96U5PV4E9lp0p4NoB6JKDcZghEXU9bSsd1kDmATkIRdORamqbX4Og7+KmlCBetOkK8BlbUDwM2zzMsa+5g==",
          "requires": {
            "pareto-core-types": "^0.7.0"
          }
        },
        "pareto-core-types": {
          "version": "0.7.0",
          "resolved": "https://registry.npmjs.org/pareto-core-types/-/pareto-core-types-0.7.0.tgz",
          "integrity": "sha512-Nz3hlDGyI8LrXjA50hiqslujRuS2WMYJuQeXyUgwWiw5k3xOY7vjof/9bzg4Ez7+Y5qWFgJJoi1o6Hu/ZDTF6A=="
        }
      }
    },
    "pareto-core-internals": {
      "version": "0.11.0",
      "resolved": "https://registry.npmjs.org/pareto-core-internals/-/pareto-core-internals-0.11.0.tgz",
      "integrity": "sha512-r9npJV5EXGSteklXVa9Sr9YcTkv3PQ3bWJK0sWwtuw6rvU4DHC6xYzIU8otnI4SM0f2je72fN6fWh0LaYQNe2A==",
      "requires": {
        "pareto-core-types": "^0.10.0"
      },
      "dependencies": {
        "pareto-core-types": {
          "version": "0.10.0",
          "resolved": "https://registry.npmjs.org/pareto-core-types/-/pareto-core-types-0.10.0.tgz",
          "integrity": "sha512-asVi1Eq2wbUfqyOrTFtSP7Tm1flBhfh2Evu90aTgf2xzphs9BFiYvIs9FhNWU7qcvjAup6ISMT6Gjv7mHQivLw=="
        }
      }
    },
    "pareto-core-lib": {
      "version": "0.17.0",
      "resolved": "https://registry.npmjs.org/pareto-core-lib/-/pareto-core-lib-0.17.0.tgz",
      "integrity": "sha512-C+5Omz9UT8EB8f2AcVd78Kcq+b1IdymQLk9LkywFySieh38AeYtrLRod8tif4wLCeXGIj6T1Py23Pl+5lGWNFg==",
      "requires": {
        "pareto-core-internals": "^0.11.0"
      }
    },
    "pareto-core-raw": {
      "version": "0.7.0",
      "resolved": "https://registry.npmjs.org/pareto-core-raw/-/pareto-core-raw-0.7.0.tgz",
      "integrity": "sha512-h+cMrKMNLg6iPB8oqc8DGJsdDSuuEEc/UxTbmehzOAUYeJp/ZftAVZn1IHItMcjRqpusfz7njKR4QvJWT91PEg==",
      "requires": {
        "pareto-core-internals": "^0.11.0"
      }
    },
    "pareto-core-state": {
      "version": "0.12.0",
      "resolved": "https://registry.npmjs.org/pareto-core-state/-/pareto-core-state-0.12.0.tgz",
      "integrity": "sha512-yuDXIlvorBeZfJ4Xkob7JEXcukou5s1UrcXvsCt9N9CjalbEoOgZ5UD+3wL4nbtlIubzH+VvzlYMOoOoOOxkqw==",
      "requires": {
        "pareto-core-internals": "^0.11.0"
      }
    },
    "pareto-core-types": {
      "version": "0.2.0",
      "resolved": "https://registry.npmjs.org/pareto-core-types/-/pareto-core-types-0.2.0.tgz",
      "integrity": "sha512-XopY0slTv5wAObZu0nOSsz6O86K/peQhVu+bqIBMJRKiewjawmIOqa9e8JHlFyXdMHxa0Ek4zDThWQVkiBCsKQ=="
    }
  }
}
